
Microsoft Visual Studio Solution File, Format Version 12.00
# Visual Studio 15
VisualStudioVersion = 15.0.33026.149
MinimumVisualStudioVersion = 10.0.40219.1
Project("{8BC9CEB8-8B4A-11D0-8D11-00A0C91BC942}") = "Prack3", "Prack3\Prack3.vcxproj", "{A36ACCCF-E18D-403E-94B2-0319324F1EDC}"
EndProject
Global
	GlobalSection(SolutionConfigurationPlatforms) = preSolution
		Debug|x64 = Debug|x64
		Debug|x86 = Debug|x86
		Release|x64 = Release|x64
		Release|x86 = Release|x86
	EndGlobalSection
	GlobalSection(ProjectConfigurationPlatforms) = postSolution
		{A36ACCCF-E18D-403E-94B2-0319324F1EDC}.Debug|x64.ActiveCfg = Debug|x64
		{A36ACCCF-E18D-403E-94B2-0319324F1EDC}.Debug|x64.Build.0 = Debug|x64
		{A36ACCCF-E18D-403E-94B2-0319324F1EDC}.Debug|x86.ActiveCfg = Debug|Win32
		{A36ACCCF-E18D-403E-94B2-0319324F1EDC}.Debug|x86.Build.0 = Debug|Win32
		{A36ACCCF-E18D-403E-94B2-0319324F1EDC}.Release|x64.ActiveCfg = Release|x64
		{A36ACCCF-E18D-403E-94B2-0319324F1EDC}.Release|x64.Build.0 = Release|x64
		{A36ACCCF-E18D-403E-94B2-0319324F1EDC}.Release|x86.ActiveCfg = Release|Win32
		{A36ACCCF-E18D-403E-94B2-0319324F1EDC}.Release|x86.Build.0 = Release|Win32
	EndGlobalSection
	GlobalSection(SolutionProperties) = preSolution
		HideSolutionNode = FALSE
	EndGlobalSection
	GlobalSection(ExtensibilityGlobals) = postSolution
		SolutionGuid = {75F54CC9-FB9F-4709-BE79-C29BF98036A1}
	EndGlobalSection
EndGlobal
